# THIS IS AN AUTOGENERATED FILE. DO NOT EDIT THIS FILE DIRECTLY.
# yarn lockfile v1


"@types/semver@^6.0.1":
  version "6.2.3"
  resolved "https://registry.yarnpkg.com/@types/semver/-/semver-6.2.3.tgz#5798ecf1bec94eaa64db39ee52808ec0693315aa"
  integrity sha512-KQf+QAMWKMrtBMsB8/24w53tEsxllMj6TuA80TT/5igJalLI/zm0L3oXRbIAl4Ohfc85gyHX/jhMwsVkmhLU4A==

lodash@^4.17.21:
  version "4.17.21"
  resolved "https://registry.yarnpkg.com/lodash/-/lodash-4.17.21.tgz#679591c564c3bffaae8454cf0b3df370c3d6911c"
  integrity sha512-v2kDEe57lecTulaDIuNTPy3Ry4gLGJ6Z1O3vE1krgXZNrsQ+LFTGHVxVjcXPs17LhbZVGedAJv8XZ1tvj5FvSg==

semver-range-intersect@^0.3.1:
  version "0.3.1"
  resolved "https://registry.yarnpkg.com/semver-range-intersect/-/semver-range-intersect-0.3.1.tgz#05ce326fb7ca6264114f49126e44116ee05aa018"
  integrity sha512-dZAVI9Gdl3uBvs1CBK1KHeCyiZDn4X14DW4C+QFQj+0k+l9L+pY1swt4KVt1hGU2dP77but4vx+N5XeYQsDteQ==
  dependencies:
    "@types/semver" "^6.0.1"
    semver "^6.2.0"

semver@^6.2.0:
  version "6.3.0"
  resolved "https://registry.yarnpkg.com/semver/-/semver-6.3.0.tgz#ee0a64c8af5e8ceea67687b133761e1becbd1d3d"
  integrity sha512-b39TBaTSfV6yBrapU89p5fKekE2m/NwnDocOVruQFS1/veMgdzuPcnOM34M6CwxW8jH/lxEa5rBoDeUwu5HHTw==
